// !$*UTF8*$!
{
	archiveVersion = 1;
	classes = {
	};
	objectVersion = 55;
	objects = {

/* Begin PBXBuildFile section */
		F70537C82B6B93CD0005400B /* ExpenseAddView.swift in Sources */ = {isa = PBXBuildFile; fileRef = F70537C72B6B93CD0005400B /* ExpenseAddView.swift */; };
		F70537CA2B6BFDFB0005400B /* ExpenseAddFormView.swift in Sources */ = {isa = PBXBuildFile; fileRef = F70537C92B6BFDFB0005400B /* ExpenseAddFormView.swift */; };
		F70537CC2B6BFE790005400B /* ExpenseType.swift in Sources */ = {isa = PBXBuildFile; fileRef = F70537CB2B6BFE790005400B /* ExpenseType.swift */; };
		F70537CE2B6C0F040005400B /* ExpenseTrackingMoreItemViewModel.swift in Sources */ = {isa = PBXBuildFile; fileRef = F70537CD2B6C0F040005400B /* ExpenseTrackingMoreItemViewModel.swift */; };
		F70537D02B6C10E80005400B /* VehiclesSelectionViewModel.swift in Sources */ = {isa = PBXBuildFile; fileRef = F70537CF2B6C10E80005400B /* VehiclesSelectionViewModel.swift */; };
		F70537D82B6C1E8A0005400B /* ExpenseTrackingViewModel.swift in Sources */ = {isa = PBXBuildFile; fileRef = F70537D72B6C1E8A0005400B /* ExpenseTrackingViewModel.swift */; };
		F70537DA2B6C218B0005400B /* Expense.swift in Sources */ = {isa = PBXBuildFile; fileRef = F70537D92B6C218B0005400B /* Expense.swift */; };
		F70A9D0B2B754B6B002E8C45 /* ExpenseChartDataMapper.swift in Sources */ = {isa = PBXBuildFile; fileRef = F70A9D0A2B754B6B002E8C45 /* ExpenseChartDataMapper.swift */; };
		F70A9D0D2B754B7C002E8C45 /* ExpenseData.swift in Sources */ = {isa = PBXBuildFile; fileRef = F70A9D0C2B754B7C002E8C45 /* ExpenseData.swift */; };
		F713B75E2A8F9ADF00EBB0BF /* VehicleDetailsTopSection.swift in Sources */ = {isa = PBXBuildFile; fileRef = F713B75D2A8F9ADF00EBB0BF /* VehicleDetailsTopSection.swift */; };
		F713B7602A8F9C1500EBB0BF /* VehicleDetailsMandatoryFieldsSection.swift in Sources */ = {isa = PBXBuildFile; fileRef = F713B75F2A8F9C1500EBB0BF /* VehicleDetailsMandatoryFieldsSection.swift */; };
		F713B7622A8F9D7D00EBB0BF /* VehicleDetailsCustomFieldsSection.swift in Sources */ = {isa = PBXBuildFile; fileRef = F713B7612A8F9D7D00EBB0BF /* VehicleDetailsCustomFieldsSection.swift */; };
		F713B7652A8FA6FE00EBB0BF /* VehicleDetailsViewModel.swift in Sources */ = {isa = PBXBuildFile; fileRef = F713B7642A8FA6FE00EBB0BF /* VehicleDetailsViewModel.swift */; };
		F7202DFD2AA8AFB8009A17DC /* EventStoreManager.swift in Sources */ = {isa = PBXBuildFile; fileRef = F7202DF92AA8AFB8009A17DC /* EventStoreManager.swift */; };
		F7202DFE2AA8AFB8009A17DC /* EventStoreError.swift in Sources */ = {isa = PBXBuildFile; fileRef = F7202DFA2AA8AFB8009A17DC /* EventStoreError.swift */; };
		F7202E032AA8AFFB009A17DC /* EventDataStore.swift in Sources */ = {isa = PBXBuildFile; fileRef = F7202E002AA8AFFB009A17DC /* EventDataStore.swift */; };
		F7202E062AA8F304009A17DC /* EventEditViewController.swift in Sources */ = {isa = PBXBuildFile; fileRef = F7202E052AA8F304009A17DC /* EventEditViewController.swift */; };
		F7202E082AAA4BE4009A17DC /* Localizable.xcstrings in Resources */ = {isa = PBXBuildFile; fileRef = F7202E072AAA4BE4009A17DC /* Localizable.xcstrings */; };
		F72188FF27FABE5D00F80AC0 /* MyAutomobileApp.swift in Sources */ = {isa = PBXBuildFile; fileRef = F72188FE27FABE5D00F80AC0 /* MyAutomobileApp.swift */; };
		F721890127FABE5D00F80AC0 /* MainTabView.swift in Sources */ = {isa = PBXBuildFile; fileRef = F721890027FABE5D00F80AC0 /* MainTabView.swift */; };
		F721890327FABE5F00F80AC0 /* Assets.xcassets in Resources */ = {isa = PBXBuildFile; fileRef = F721890227FABE5F00F80AC0 /* Assets.xcassets */; };
		F721890627FABE5F00F80AC0 /* Preview Assets.xcassets in Resources */ = {isa = PBXBuildFile; fileRef = F721890527FABE5F00F80AC0 /* Preview Assets.xcassets */; };
		F721891027FABE5F00F80AC0 /* MyAutomobileTests.swift in Sources */ = {isa = PBXBuildFile; fileRef = F721890F27FABE5F00F80AC0 /* MyAutomobileTests.swift */; };
		F721891A27FABE5F00F80AC0 /* MyAutomobileUITests.swift in Sources */ = {isa = PBXBuildFile; fileRef = F721891927FABE5F00F80AC0 /* MyAutomobileUITests.swift */; };
		F721891C27FABE5F00F80AC0 /* MyAutomobileUITestsLaunchTests.swift in Sources */ = {isa = PBXBuildFile; fileRef = F721891B27FABE5F00F80AC0 /* MyAutomobileUITestsLaunchTests.swift */; };
		F726335E2A95A99000F7305D /* VehicleListToolbarViewModifier.swift in Sources */ = {isa = PBXBuildFile; fileRef = F726335D2A95A99000F7305D /* VehicleListToolbarViewModifier.swift */; };
		F72633602A95AE7700F7305D /* Vehicles.swift in Sources */ = {isa = PBXBuildFile; fileRef = F726335F2A95AE7700F7305D /* Vehicles.swift */; };
		F73028E82AA36A9B003AAEE8 /* EventListToolbarViewModifier.swift in Sources */ = {isa = PBXBuildFile; fileRef = F73028E72AA36A9B003AAEE8 /* EventListToolbarViewModifier.swift */; };
		F73028EE2AA36D75003AAEE8 /* EventAddView.swift in Sources */ = {isa = PBXBuildFile; fileRef = F73028ED2AA36D75003AAEE8 /* EventAddView.swift */; };
		F73028F02AA36D9B003AAEE8 /* EventAddViewModel.swift in Sources */ = {isa = PBXBuildFile; fileRef = F73028EF2AA36D9B003AAEE8 /* EventAddViewModel.swift */; };
		F73028F22AA378E2003AAEE8 /* EventAddFormView.swift in Sources */ = {isa = PBXBuildFile; fileRef = F73028F12AA378E2003AAEE8 /* EventAddFormView.swift */; };
		F73028F42AA5FD93003AAEE8 /* FileManagerExtensions.swift in Sources */ = {isa = PBXBuildFile; fileRef = F73028F32AA5FD93003AAEE8 /* FileManagerExtensions.swift */; };
		F73028F62AA61637003AAEE8 /* VehicleAddCustomFieldView.swift in Sources */ = {isa = PBXBuildFile; fileRef = F73028F52AA61637003AAEE8 /* VehicleAddCustomFieldView.swift */; };
		F739B5DE2AB4DC000089D12F /* IAPView.swift in Sources */ = {isa = PBXBuildFile; fileRef = F739B5DD2AB4DC000089D12F /* IAPView.swift */; };
		F739B5E02AB4E05D0089D12F /* IAPButton.swift in Sources */ = {isa = PBXBuildFile; fileRef = F739B5DF2AB4E05D0089D12F /* IAPButton.swift */; };
		F74C47A42ADC41F1006E131A /* ParkLocationView.swift in Sources */ = {isa = PBXBuildFile; fileRef = F74C47A32ADC41F1006E131A /* ParkLocationView.swift */; };
		F74F8B322AB807980014137C /* StoreKit.framework in Frameworks */ = {isa = PBXBuildFile; fileRef = F74F8B312AB807980014137C /* StoreKit.framework */; };
		F750EBFA2B723A6C008440D8 /* ExpenseRowView.swift in Sources */ = {isa = PBXBuildFile; fileRef = F750EBF92B723A6C008440D8 /* ExpenseRowView.swift */; };
		F750EBFD2B7266AB008440D8 /* ExpenseRowViewModel.swift in Sources */ = {isa = PBXBuildFile; fileRef = F750EBFC2B7266AB008440D8 /* ExpenseRowViewModel.swift */; };
		F750EC032B72C039008440D8 /* ExpenseChartView.swift in Sources */ = {isa = PBXBuildFile; fileRef = F750EC022B72C039008440D8 /* ExpenseChartView.swift */; };
		F759B9F62B60F5B700D781FC /* ParkingMapView.swift in Sources */ = {isa = PBXBuildFile; fileRef = F759B9F52B60F5B700D781FC /* ParkingMapView.swift */; };
		F759B9F82B60F68800D781FC /* ParkLocationToolbarViewModifier.swift in Sources */ = {isa = PBXBuildFile; fileRef = F759B9F72B60F68800D781FC /* ParkLocationToolbarViewModifier.swift */; };
		F760D2E32B63896900DDA146 /* ParkingLocationCoordinate.swift in Sources */ = {isa = PBXBuildFile; fileRef = F760D2E22B63896900DDA146 /* ParkingLocationCoordinate.swift */; };
		F760D2E52B63926700DDA146 /* ParkingLocation.swift in Sources */ = {isa = PBXBuildFile; fileRef = F760D2E42B63926700DDA146 /* ParkingLocation.swift */; };
		F760D2E72B63963400DDA146 /* CLLocationCoordinate2D+Equatable.swift in Sources */ = {isa = PBXBuildFile; fileRef = F760D2E62B63963400DDA146 /* CLLocationCoordinate2D+Equatable.swift */; };
		F760EF0B2A96FDA500C38F3B /* VehicleAddView.swift in Sources */ = {isa = PBXBuildFile; fileRef = F760EF0A2A96FDA500C38F3B /* VehicleAddView.swift */; };
		F760EF0D2A9701F300C38F3B /* VehicleAddViewModel.swift in Sources */ = {isa = PBXBuildFile; fileRef = F760EF0C2A9701F300C38F3B /* VehicleAddViewModel.swift */; };
		F760EF0F2A97066700C38F3B /* AddToolbarViewModifier.swift in Sources */ = {isa = PBXBuildFile; fileRef = F760EF0E2A97066700C38F3B /* AddToolbarViewModifier.swift */; };
		F76F49A12B5F9E3900A53799 /* LocationManager.swift in Sources */ = {isa = PBXBuildFile; fileRef = F76F49A02B5F9E3900A53799 /* LocationManager.swift */; };
		F77224772AAE52C80097E190 /* InfoPlist.strings in Resources */ = {isa = PBXBuildFile; fileRef = F77224792AAE52C80097E190 /* InfoPlist.strings */; };
		F799E2AA2AA35F27009F3C3D /* EventListRowView.swift in Sources */ = {isa = PBXBuildFile; fileRef = F799E2A92AA35F27009F3C3D /* EventListRowView.swift */; };
		F7B3DA3B2AB5D1B10045359B /* PurchaseManager.swift in Sources */ = {isa = PBXBuildFile; fileRef = F7B3DA3A2AB5D1B10045359B /* PurchaseManager.swift */; };
		F7C5D7AF282016FE00C4D213 /* VehicleListViewModel.swift in Sources */ = {isa = PBXBuildFile; fileRef = F7C5D7AE282016FE00C4D213 /* VehicleListViewModel.swift */; };
		F7C5D7B12820191E00C4D213 /* VehicleListRowView.swift in Sources */ = {isa = PBXBuildFile; fileRef = F7C5D7B02820191E00C4D213 /* VehicleListRowView.swift */; };
		F7C5D7B32820198A00C4D213 /* VehicleImage.swift in Sources */ = {isa = PBXBuildFile; fileRef = F7C5D7B22820198A00C4D213 /* VehicleImage.swift */; };
		F7C5D7B7282019C100C4D213 /* MockModels.swift in Sources */ = {isa = PBXBuildFile; fileRef = F7C5D7B6282019C100C4D213 /* MockModels.swift */; };
		F7C5F19A2885004800375D91 /* EventListViewModel.swift in Sources */ = {isa = PBXBuildFile; fileRef = F7C5F1992885004800375D91 /* EventListViewModel.swift */; };
		F7C5F19D288659EC00375D91 /* AppTitle.swift in Sources */ = {isa = PBXBuildFile; fileRef = F7C5F19C288659EC00375D91 /* AppTitle.swift */; };
		F7CF21442A95B01A00C73429 /* Color+Codable.swift in Sources */ = {isa = PBXBuildFile; fileRef = F7CF21432A95B01A00C73429 /* Color+Codable.swift */; };
		F7D931AA287D300200289230 /* VehicleDetailsView.swift in Sources */ = {isa = PBXBuildFile; fileRef = F7D931A9287D300200289230 /* VehicleDetailsView.swift */; };
		F7E8D2CF2B67FCAF000DC750 /* MoreView.swift in Sources */ = {isa = PBXBuildFile; fileRef = F7E8D2CE2B67FCAF000DC750 /* MoreView.swift */; };
		F7E8D2D12B682CD7000DC750 /* VehiclesSelectionView.swift in Sources */ = {isa = PBXBuildFile; fileRef = F7E8D2D02B682CD7000DC750 /* VehiclesSelectionView.swift */; };
		F7E8D2D32B682D13000DC750 /* ExpenseTrackingView.swift in Sources */ = {isa = PBXBuildFile; fileRef = F7E8D2D22B682D13000DC750 /* ExpenseTrackingView.swift */; };
		F7E8D2D52B68384F000DC750 /* ExpenseTrackingMoreItem.swift in Sources */ = {isa = PBXBuildFile; fileRef = F7E8D2D42B68384F000DC750 /* ExpenseTrackingMoreItem.swift */; };
		F7E8D2D72B683925000DC750 /* MoreViewModel.swift in Sources */ = {isa = PBXBuildFile; fileRef = F7E8D2D62B683925000DC750 /* MoreViewModel.swift */; };
		F7EE6BFA2B70B0260075D64A /* ExpenseAddViewModel.swift in Sources */ = {isa = PBXBuildFile; fileRef = F7EE6BF92B70B0260075D64A /* ExpenseAddViewModel.swift */; };
		F7EEF310280FE8AB0086AB03 /* Event.swift in Sources */ = {isa = PBXBuildFile; fileRef = F7EEF30F280FE8AB0086AB03 /* Event.swift */; };
		F7FC88E9280EA29C007BA063 /* VehicleListView.swift in Sources */ = {isa = PBXBuildFile; fileRef = F7FC88E8280EA29C007BA063 /* VehicleListView.swift */; };
		F7FC88EB280EA2AF007BA063 /* EventListView.swift in Sources */ = {isa = PBXBuildFile; fileRef = F7FC88EA280EA2AF007BA063 /* EventListView.swift */; };
		F7FC88ED280EA42E007BA063 /* Vehicle.swift in Sources */ = {isa = PBXBuildFile; fileRef = F7FC88EC280EA42E007BA063 /* Vehicle.swift */; };
/* End PBXBuildFile section */

/* Begin PBXContainerItemProxy section */
		F721890C27FABE5F00F80AC0 /* PBXContainerItemProxy */ = {
			isa = PBXContainerItemProxy;
			containerPortal = F72188F327FABE5D00F80AC0 /* Project object */;
			proxyType = 1;
			remoteGlobalIDString = F72188FA27FABE5D00F80AC0;
			remoteInfo = MyAutomobile;
		};
		F721891627FABE5F00F80AC0 /* PBXContainerItemProxy */ = {
			isa = PBXContainerItemProxy;
			containerPortal = F72188F327FABE5D00F80AC0 /* Project object */;
			proxyType = 1;
			remoteGlobalIDString = F72188FA27FABE5D00F80AC0;
			remoteInfo = MyAutomobile;
		};
/* End PBXContainerItemProxy section */

/* Begin PBXFileReference section */
		F70537C72B6B93CD0005400B /* ExpenseAddView.swift */ = {isa = PBXFileReference; lastKnownFileType = sourcecode.swift; path = ExpenseAddView.swift; sourceTree = "<group>"; };
		F70537C92B6BFDFB0005400B /* ExpenseAddFormView.swift */ = {isa = PBXFileReference; lastKnownFileType = sourcecode.swift; path = ExpenseAddFormView.swift; sourceTree = "<group>"; };
		F70537CB2B6BFE790005400B /* ExpenseType.swift */ = {isa = PBXFileReference; lastKnownFileType = sourcecode.swift; path = ExpenseType.swift; sourceTree = "<group>"; };
		F70537CD2B6C0F040005400B /* ExpenseTrackingMoreItemViewModel.swift */ = {isa = PBXFileReference; lastKnownFileType = sourcecode.swift; path = ExpenseTrackingMoreItemViewModel.swift; sourceTree = "<group>"; };
		F70537CF2B6C10E80005400B /* VehiclesSelectionViewModel.swift */ = {isa = PBXFileReference; lastKnownFileType = sourcecode.swift; path = VehiclesSelectionViewModel.swift; sourceTree = "<group>"; };
		F70537D72B6C1E8A0005400B /* ExpenseTrackingViewModel.swift */ = {isa = PBXFileReference; lastKnownFileType = sourcecode.swift; path = ExpenseTrackingViewModel.swift; sourceTree = "<group>"; };
		F70537D92B6C218B0005400B /* Expense.swift */ = {isa = PBXFileReference; lastKnownFileType = sourcecode.swift; path = Expense.swift; sourceTree = "<group>"; };
		F70A9D0A2B754B6B002E8C45 /* ExpenseChartDataMapper.swift */ = {isa = PBXFileReference; lastKnownFileType = sourcecode.swift; path = ExpenseChartDataMapper.swift; sourceTree = "<group>"; };
		F70A9D0C2B754B7C002E8C45 /* ExpenseData.swift */ = {isa = PBXFileReference; lastKnownFileType = sourcecode.swift; path = ExpenseData.swift; sourceTree = "<group>"; };
		F70D1F3F2898C453005FFC66 /* Info.plist */ = {isa = PBXFileReference; lastKnownFileType = text.plist; path = Info.plist; sourceTree = "<group>"; };
		F713B75D2A8F9ADF00EBB0BF /* VehicleDetailsTopSection.swift */ = {isa = PBXFileReference; lastKnownFileType = sourcecode.swift; path = VehicleDetailsTopSection.swift; sourceTree = "<group>"; };
		F713B75F2A8F9C1500EBB0BF /* VehicleDetailsMandatoryFieldsSection.swift */ = {isa = PBXFileReference; lastKnownFileType = sourcecode.swift; path = VehicleDetailsMandatoryFieldsSection.swift; sourceTree = "<group>"; };
		F713B7612A8F9D7D00EBB0BF /* VehicleDetailsCustomFieldsSection.swift */ = {isa = PBXFileReference; lastKnownFileType = sourcecode.swift; path = VehicleDetailsCustomFieldsSection.swift; sourceTree = "<group>"; };
		F713B7642A8FA6FE00EBB0BF /* VehicleDetailsViewModel.swift */ = {isa = PBXFileReference; lastKnownFileType = sourcecode.swift; path = VehicleDetailsViewModel.swift; sourceTree = "<group>"; };
		F7202DF92AA8AFB8009A17DC /* EventStoreManager.swift */ = {isa = PBXFileReference; fileEncoding = 4; lastKnownFileType = sourcecode.swift; path = EventStoreManager.swift; sourceTree = "<group>"; };
		F7202DFA2AA8AFB8009A17DC /* EventStoreError.swift */ = {isa = PBXFileReference; fileEncoding = 4; lastKnownFileType = sourcecode.swift; path = EventStoreError.swift; sourceTree = "<group>"; };
		F7202E002AA8AFFB009A17DC /* EventDataStore.swift */ = {isa = PBXFileReference; fileEncoding = 4; lastKnownFileType = sourcecode.swift; path = EventDataStore.swift; sourceTree = "<group>"; };
		F7202E052AA8F304009A17DC /* EventEditViewController.swift */ = {isa = PBXFileReference; fileEncoding = 4; lastKnownFileType = sourcecode.swift; path = EventEditViewController.swift; sourceTree = "<group>"; };
		F7202E072AAA4BE4009A17DC /* Localizable.xcstrings */ = {isa = PBXFileReference; lastKnownFileType = text.json.xcstrings; path = Localizable.xcstrings; sourceTree = "<group>"; };
		F72188FB27FABE5D00F80AC0 /* MyAutomobile.app */ = {isa = PBXFileReference; explicitFileType = wrapper.application; includeInIndex = 0; path = MyAutomobile.app; sourceTree = BUILT_PRODUCTS_DIR; };
		F72188FE27FABE5D00F80AC0 /* MyAutomobileApp.swift */ = {isa = PBXFileReference; lastKnownFileType = sourcecode.swift; path = MyAutomobileApp.swift; sourceTree = "<group>"; };
		F721890027FABE5D00F80AC0 /* MainTabView.swift */ = {isa = PBXFileReference; lastKnownFileType = sourcecode.swift; path = MainTabView.swift; sourceTree = "<group>"; };
		F721890227FABE5F00F80AC0 /* Assets.xcassets */ = {isa = PBXFileReference; lastKnownFileType = folder.assetcatalog; path = Assets.xcassets; sourceTree = "<group>"; };
		F721890527FABE5F00F80AC0 /* Preview Assets.xcassets */ = {isa = PBXFileReference; lastKnownFileType = folder.assetcatalog; path = "Preview Assets.xcassets"; sourceTree = "<group>"; };
		F721890B27FABE5F00F80AC0 /* MyAutomobileTests.xctest */ = {isa = PBXFileReference; explicitFileType = wrapper.cfbundle; includeInIndex = 0; path = MyAutomobileTests.xctest; sourceTree = BUILT_PRODUCTS_DIR; };
		F721890F27FABE5F00F80AC0 /* MyAutomobileTests.swift */ = {isa = PBXFileReference; lastKnownFileType = sourcecode.swift; path = MyAutomobileTests.swift; sourceTree = "<group>"; };
		F721891527FABE5F00F80AC0 /* MyAutomobileUITests.xctest */ = {isa = PBXFileReference; explicitFileType = wrapper.cfbundle; includeInIndex = 0; path = MyAutomobileUITests.xctest; sourceTree = BUILT_PRODUCTS_DIR; };
		F721891927FABE5F00F80AC0 /* MyAutomobileUITests.swift */ = {isa = PBXFileReference; lastKnownFileType = sourcecode.swift; path = MyAutomobileUITests.swift; sourceTree = "<group>"; };
		F721891B27FABE5F00F80AC0 /* MyAutomobileUITestsLaunchTests.swift */ = {isa = PBXFileReference; lastKnownFileType = sourcecode.swift; path = MyAutomobileUITestsLaunchTests.swift; sourceTree = "<group>"; };
		F726335D2A95A99000F7305D /* VehicleListToolbarViewModifier.swift */ = {isa = PBXFileReference; lastKnownFileType = sourcecode.swift; path = VehicleListToolbarViewModifier.swift; sourceTree = "<group>"; };
		F726335F2A95AE7700F7305D /* Vehicles.swift */ = {isa = PBXFileReference; lastKnownFileType = sourcecode.swift; path = Vehicles.swift; sourceTree = "<group>"; };
		F73028E72AA36A9B003AAEE8 /* EventListToolbarViewModifier.swift */ = {isa = PBXFileReference; lastKnownFileType = sourcecode.swift; path = EventListToolbarViewModifier.swift; sourceTree = "<group>"; };
		F73028ED2AA36D75003AAEE8 /* EventAddView.swift */ = {isa = PBXFileReference; lastKnownFileType = sourcecode.swift; path = EventAddView.swift; sourceTree = "<group>"; };
		F73028EF2AA36D9B003AAEE8 /* EventAddViewModel.swift */ = {isa = PBXFileReference; lastKnownFileType = sourcecode.swift; path = EventAddViewModel.swift; sourceTree = "<group>"; };
		F73028F12AA378E2003AAEE8 /* EventAddFormView.swift */ = {isa = PBXFileReference; lastKnownFileType = sourcecode.swift; path = EventAddFormView.swift; sourceTree = "<group>"; };
		F73028F32AA5FD93003AAEE8 /* FileManagerExtensions.swift */ = {isa = PBXFileReference; fileEncoding = 4; lastKnownFileType = sourcecode.swift; path = FileManagerExtensions.swift; sourceTree = "<group>"; };
		F73028F52AA61637003AAEE8 /* VehicleAddCustomFieldView.swift */ = {isa = PBXFileReference; lastKnownFileType = sourcecode.swift; path = VehicleAddCustomFieldView.swift; sourceTree = "<group>"; };
		F739B5DD2AB4DC000089D12F /* IAPView.swift */ = {isa = PBXFileReference; lastKnownFileType = sourcecode.swift; path = IAPView.swift; sourceTree = "<group>"; };
		F739B5DF2AB4E05D0089D12F /* IAPButton.swift */ = {isa = PBXFileReference; lastKnownFileType = sourcecode.swift; path = IAPButton.swift; sourceTree = "<group>"; };
		F74C47A32ADC41F1006E131A /* ParkLocationView.swift */ = {isa = PBXFileReference; lastKnownFileType = sourcecode.swift; path = ParkLocationView.swift; sourceTree = "<group>"; };
		F74F8B2F2AB806450014137C /* MainStoreKitConfig.storekit */ = {isa = PBXFileReference; lastKnownFileType = text; path = MainStoreKitConfig.storekit; sourceTree = "<group>"; };
		F74F8B312AB807980014137C /* StoreKit.framework */ = {isa = PBXFileReference; lastKnownFileType = wrapper.framework; name = StoreKit.framework; path = System/Library/Frameworks/StoreKit.framework; sourceTree = SDKROOT; };
		F750EBF92B723A6C008440D8 /* ExpenseRowView.swift */ = {isa = PBXFileReference; lastKnownFileType = sourcecode.swift; path = ExpenseRowView.swift; sourceTree = "<group>"; };
		F750EBFC2B7266AB008440D8 /* ExpenseRowViewModel.swift */ = {isa = PBXFileReference; lastKnownFileType = sourcecode.swift; path = ExpenseRowViewModel.swift; sourceTree = "<group>"; };
		F750EC022B72C039008440D8 /* ExpenseChartView.swift */ = {isa = PBXFileReference; lastKnownFileType = sourcecode.swift; path = ExpenseChartView.swift; sourceTree = "<group>"; };
		F759B9F52B60F5B700D781FC /* ParkingMapView.swift */ = {isa = PBXFileReference; lastKnownFileType = sourcecode.swift; path = ParkingMapView.swift; sourceTree = "<group>"; };
		F759B9F72B60F68800D781FC /* ParkLocationToolbarViewModifier.swift */ = {isa = PBXFileReference; lastKnownFileType = sourcecode.swift; path = ParkLocationToolbarViewModifier.swift; sourceTree = "<group>"; };
		F760D2E22B63896900DDA146 /* ParkingLocationCoordinate.swift */ = {isa = PBXFileReference; lastKnownFileType = sourcecode.swift; path = ParkingLocationCoordinate.swift; sourceTree = "<group>"; };
		F760D2E42B63926700DDA146 /* ParkingLocation.swift */ = {isa = PBXFileReference; lastKnownFileType = sourcecode.swift; path = ParkingLocation.swift; sourceTree = "<group>"; };
		F760D2E62B63963400DDA146 /* CLLocationCoordinate2D+Equatable.swift */ = {isa = PBXFileReference; lastKnownFileType = sourcecode.swift; path = "CLLocationCoordinate2D+Equatable.swift"; sourceTree = "<group>"; };
		F760EF0A2A96FDA500C38F3B /* VehicleAddView.swift */ = {isa = PBXFileReference; lastKnownFileType = sourcecode.swift; path = VehicleAddView.swift; sourceTree = "<group>"; };
		F760EF0C2A9701F300C38F3B /* VehicleAddViewModel.swift */ = {isa = PBXFileReference; lastKnownFileType = sourcecode.swift; path = VehicleAddViewModel.swift; sourceTree = "<group>"; };
		F760EF0E2A97066700C38F3B /* AddToolbarViewModifier.swift */ = {isa = PBXFileReference; lastKnownFileType = sourcecode.swift; path = AddToolbarViewModifier.swift; sourceTree = "<group>"; };
		F76F49A02B5F9E3900A53799 /* LocationManager.swift */ = {isa = PBXFileReference; lastKnownFileType = sourcecode.swift; path = LocationManager.swift; sourceTree = "<group>"; };
		F77224782AAE52C80097E190 /* en */ = {isa = PBXFileReference; lastKnownFileType = text.plist.strings; name = en; path = en.lproj/InfoPlist.strings; sourceTree = "<group>"; };
		F772247A2AAE52CD0097E190 /* de */ = {isa = PBXFileReference; lastKnownFileType = text.plist.strings; name = de; path = de.lproj/InfoPlist.strings; sourceTree = "<group>"; };
		F772247B2AAE52CE0097E190 /* it */ = {isa = PBXFileReference; lastKnownFileType = text.plist.strings; name = it; path = it.lproj/InfoPlist.strings; sourceTree = "<group>"; };
		F772247C2AAE52CF0097E190 /* ro */ = {isa = PBXFileReference; lastKnownFileType = text.plist.strings; name = ro; path = ro.lproj/InfoPlist.strings; sourceTree = "<group>"; };
		F772247D2AAE52D00097E190 /* es */ = {isa = PBXFileReference; lastKnownFileType = text.plist.strings; name = es; path = es.lproj/InfoPlist.strings; sourceTree = "<group>"; };
		F772247E2AAE53530097E190 /* fr */ = {isa = PBXFileReference; lastKnownFileType = text.plist.strings; name = fr; path = fr.lproj/InfoPlist.strings; sourceTree = "<group>"; };
		F799E2A92AA35F27009F3C3D /* EventListRowView.swift */ = {isa = PBXFileReference; lastKnownFileType = sourcecode.swift; path = EventListRowView.swift; sourceTree = "<group>"; };
		F7B3DA3A2AB5D1B10045359B /* PurchaseManager.swift */ = {isa = PBXFileReference; lastKnownFileType = sourcecode.swift; path = PurchaseManager.swift; sourceTree = "<group>"; };
		F7C5D7AE282016FE00C4D213 /* VehicleListViewModel.swift */ = {isa = PBXFileReference; lastKnownFileType = sourcecode.swift; path = VehicleListViewModel.swift; sourceTree = "<group>"; };
		F7C5D7B02820191E00C4D213 /* VehicleListRowView.swift */ = {isa = PBXFileReference; lastKnownFileType = sourcecode.swift; path = VehicleListRowView.swift; sourceTree = "<group>"; };
		F7C5D7B22820198A00C4D213 /* VehicleImage.swift */ = {isa = PBXFileReference; lastKnownFileType = sourcecode.swift; path = VehicleImage.swift; sourceTree = "<group>"; };
		F7C5D7B6282019C100C4D213 /* MockModels.swift */ = {isa = PBXFileReference; lastKnownFileType = sourcecode.swift; path = MockModels.swift; sourceTree = "<group>"; };
		F7C5F1992885004800375D91 /* EventListViewModel.swift */ = {isa = PBXFileReference; lastKnownFileType = sourcecode.swift; path = EventListViewModel.swift; sourceTree = "<group>"; };
		F7C5F19C288659EC00375D91 /* AppTitle.swift */ = {isa = PBXFileReference; lastKnownFileType = sourcecode.swift; path = AppTitle.swift; sourceTree = "<group>"; };
		F7CF21432A95B01A00C73429 /* Color+Codable.swift */ = {isa = PBXFileReference; lastKnownFileType = sourcecode.swift; path = "Color+Codable.swift"; sourceTree = "<group>"; };
		F7D931A9287D300200289230 /* VehicleDetailsView.swift */ = {isa = PBXFileReference; lastKnownFileType = sourcecode.swift; path = VehicleDetailsView.swift; sourceTree = "<group>"; };
		F7E8D2CE2B67FCAF000DC750 /* MoreView.swift */ = {isa = PBXFileReference; lastKnownFileType = sourcecode.swift; path = MoreView.swift; sourceTree = "<group>"; };
		F7E8D2D02B682CD7000DC750 /* VehiclesSelectionView.swift */ = {isa = PBXFileReference; lastKnownFileType = sourcecode.swift; path = VehiclesSelectionView.swift; sourceTree = "<group>"; };
		F7E8D2D22B682D13000DC750 /* ExpenseTrackingView.swift */ = {isa = PBXFileReference; lastKnownFileType = sourcecode.swift; path = ExpenseTrackingView.swift; sourceTree = "<group>"; };
		F7E8D2D42B68384F000DC750 /* ExpenseTrackingMoreItem.swift */ = {isa = PBXFileReference; lastKnownFileType = sourcecode.swift; path = ExpenseTrackingMoreItem.swift; sourceTree = "<group>"; };
		F7E8D2D62B683925000DC750 /* MoreViewModel.swift */ = {isa = PBXFileReference; lastKnownFileType = sourcecode.swift; path = MoreViewModel.swift; sourceTree = "<group>"; };
		F7EE6BF92B70B0260075D64A /* ExpenseAddViewModel.swift */ = {isa = PBXFileReference; lastKnownFileType = sourcecode.swift; path = ExpenseAddViewModel.swift; sourceTree = "<group>"; };
		F7EEF30F280FE8AB0086AB03 /* Event.swift */ = {isa = PBXFileReference; lastKnownFileType = sourcecode.swift; path = Event.swift; sourceTree = "<group>"; };
		F7FC88E8280EA29C007BA063 /* VehicleListView.swift */ = {isa = PBXFileReference; lastKnownFileType = sourcecode.swift; path = VehicleListView.swift; sourceTree = "<group>"; };
		F7FC88EA280EA2AF007BA063 /* EventListView.swift */ = {isa = PBXFileReference; lastKnownFileType = sourcecode.swift; path = EventListView.swift; sourceTree = "<group>"; };
		F7FC88EC280EA42E007BA063 /* Vehicle.swift */ = {isa = PBXFileReference; lastKnownFileType = sourcecode.swift; path = Vehicle.swift; sourceTree = "<group>"; };
/* End PBXFileReference section */

/* Begin PBXFrameworksBuildPhase section */
		F72188F827FABE5D00F80AC0 /* Frameworks */ = {
			isa = PBXFrameworksBuildPhase;
			buildActionMask = 2147483647;
			files = (
				F74F8B322AB807980014137C /* StoreKit.framework in Frameworks */,
			);
			runOnlyForDeploymentPostprocessing = 0;
		};
		F721890827FABE5F00F80AC0 /* Frameworks */ = {
			isa = PBXFrameworksBuildPhase;
			buildActionMask = 2147483647;
			files = (
			);
			runOnlyForDeploymentPostprocessing = 0;
		};
		F721891227FABE5F00F80AC0 /* Frameworks */ = {
			isa = PBXFrameworksBuildPhase;
			buildActionMask = 2147483647;
			files = (
			);
			runOnlyForDeploymentPostprocessing = 0;
		};
/* End PBXFrameworksBuildPhase section */

/* Begin PBXGroup section */
		F70537D12B6C10EC0005400B /* VehicleSelection */ = {
			isa = PBXGroup;
			children = (
				F7E8D2D02B682CD7000DC750 /* VehiclesSelectionView.swift */,
				F70537CF2B6C10E80005400B /* VehiclesSelectionViewModel.swift */,
			);
			path = VehicleSelection;
			sourceTree = "<group>";
		};
		F70537D22B6C10F50005400B /* Add */ = {
			isa = PBXGroup;
			children = (
				F70537C92B6BFDFB0005400B /* ExpenseAddFormView.swift */,
				F70537C72B6B93CD0005400B /* ExpenseAddView.swift */,
				F7EE6BF92B70B0260075D64A /* ExpenseAddViewModel.swift */,
			);
			path = Add;
			sourceTree = "<group>";
		};
		F70537D62B6C12030005400B /* MoreItem */ = {
			isa = PBXGroup;
			children = (
				F7E8D2D42B68384F000DC750 /* ExpenseTrackingMoreItem.swift */,
				F70537CD2B6C0F040005400B /* ExpenseTrackingMoreItemViewModel.swift */,
			);
			path = MoreItem;
			sourceTree = "<group>";
		};
		F713B7632A8FA6EC00EBB0BF /* Sections */ = {
			isa = PBXGroup;
			children = (
				F73028F52AA61637003AAEE8 /* VehicleAddCustomFieldView.swift */,
				F713B7612A8F9D7D00EBB0BF /* VehicleDetailsCustomFieldsSection.swift */,
				F713B75F2A8F9C1500EBB0BF /* VehicleDetailsMandatoryFieldsSection.swift */,
				F713B75D2A8F9ADF00EBB0BF /* VehicleDetailsTopSection.swift */,
			);
			path = Sections;
			sourceTree = "<group>";
		};
		F7202DF62AA8AF91009A17DC /* EventStoreManager */ = {
			isa = PBXGroup;
			children = (
				F7202E002AA8AFFB009A17DC /* EventDataStore.swift */,
				F7202DFA2AA8AFB8009A17DC /* EventStoreError.swift */,
				F7202DF92AA8AFB8009A17DC /* EventStoreManager.swift */,
			);
			path = EventStoreManager;
			sourceTree = "<group>";
		};
		F72188F227FABE5D00F80AC0 = {
			isa = PBXGroup;
			children = (
				F72188FD27FABE5D00F80AC0 /* MyAutomobile */,
				F721890E27FABE5F00F80AC0 /* MyAutomobileTests */,
				F721891827FABE5F00F80AC0 /* MyAutomobileUITests */,
				F72188FC27FABE5D00F80AC0 /* Products */,
				F74F8B302AB807980014137C /* Frameworks */,
			);
			sourceTree = "<group>";
		};
		F72188FC27FABE5D00F80AC0 /* Products */ = {
			isa = PBXGroup;
			children = (
				F72188FB27FABE5D00F80AC0 /* MyAutomobile.app */,
				F721890B27FABE5F00F80AC0 /* MyAutomobileTests.xctest */,
				F721891527FABE5F00F80AC0 /* MyAutomobileUITests.xctest */,
			);
			name = Products;
			sourceTree = "<group>";
		};
		F72188FD27FABE5D00F80AC0 /* MyAutomobile */ = {
			isa = PBXGroup;
			children = (
				F7EEF30C280FE3D90086AB03 /* App */,
				F7CF214B2A964FA900C73429 /* Scenes */,
				F7CF214A2A964F8E00C73429 /* Entities */,
				F7CF21492A964F8300C73429 /* Helpers */,
				F721890427FABE5F00F80AC0 /* Preview Content */,
				F7EEF30D280FE3E70086AB03 /* Supporting files */,
				F70D1F3F2898C453005FFC66 /* Info.plist */,
				F77224792AAE52C80097E190 /* InfoPlist.strings */,
			);
			path = MyAutomobile;
			sourceTree = "<group>";
		};
		F721890427FABE5F00F80AC0 /* Preview Content */ = {
			isa = PBXGroup;
			children = (
				F7CF21482A964F7500C73429 /* Mocks */,
				F721890527FABE5F00F80AC0 /* Preview Assets.xcassets */,
			);
			path = "Preview Content";
			sourceTree = "<group>";
		};
		F721890E27FABE5F00F80AC0 /* MyAutomobileTests */ = {
			isa = PBXGroup;
			children = (
				F721890F27FABE5F00F80AC0 /* MyAutomobileTests.swift */,
			);
			path = MyAutomobileTests;
			sourceTree = "<group>";
		};
		F721891827FABE5F00F80AC0 /* MyAutomobileUITests */ = {
			isa = PBXGroup;
			children = (
				F721891927FABE5F00F80AC0 /* MyAutomobileUITests.swift */,
				F721891B27FABE5F00F80AC0 /* MyAutomobileUITestsLaunchTests.swift */,
			);
			path = MyAutomobileUITests;
			sourceTree = "<group>";
		};
		F73028E92AA36D2E003AAEE8 /* List */ = {
			isa = PBXGroup;
			children = (
				F799E2A92AA35F27009F3C3D /* EventListRowView.swift */,
				F73028E72AA36A9B003AAEE8 /* EventListToolbarViewModifier.swift */,
				F7FC88EA280EA2AF007BA063 /* EventListView.swift */,
				F7C5F1992885004800375D91 /* EventListViewModel.swift */,
			);
			path = List;
			sourceTree = "<group>";
		};
		F73028EA2AA36D50003AAEE8 /* Add */ = {
			isa = PBXGroup;
			children = (
				F73028F12AA378E2003AAEE8 /* EventAddFormView.swift */,
				F73028ED2AA36D75003AAEE8 /* EventAddView.swift */,
				F73028EF2AA36D9B003AAEE8 /* EventAddViewModel.swift */,
			);
			path = Add;
			sourceTree = "<group>";
		};
		F739B5DC2AB4DBDA0089D12F /* IAP */ = {
			isa = PBXGroup;
			children = (
				F739B5DF2AB4E05D0089D12F /* IAPButton.swift */,
				F739B5DD2AB4DC000089D12F /* IAPView.swift */,
				F7B3DA3A2AB5D1B10045359B /* PurchaseManager.swift */,
			);
			path = IAP;
			sourceTree = "<group>";
		};
		F74C47A22ADC41DF006E131A /* ParkLocation */ = {
			isa = PBXGroup;
			children = (
				F76F49A02B5F9E3900A53799 /* LocationManager.swift */,
				F759B9F52B60F5B700D781FC /* ParkingMapView.swift */,
				F759B9F72B60F68800D781FC /* ParkLocationToolbarViewModifier.swift */,
				F74C47A32ADC41F1006E131A /* ParkLocationView.swift */,
			);
			path = ParkLocation;
			sourceTree = "<group>";
		};
		F74F8B302AB807980014137C /* Frameworks */ = {
			isa = PBXGroup;
			children = (
				F74F8B312AB807980014137C /* StoreKit.framework */,
			);
			name = Frameworks;
			sourceTree = "<group>";
		};
		F750EBFB2B726422008440D8 /* List */ = {
			isa = PBXGroup;
			children = (
				F750EBF92B723A6C008440D8 /* ExpenseRowView.swift */,
				F750EBFC2B7266AB008440D8 /* ExpenseRowViewModel.swift */,
			);
			path = List;
			sourceTree = "<group>";
		};
		F750EC012B72BFD6008440D8 /* Chart */ = {
			isa = PBXGroup;
			children = (
				F70A9D0A2B754B6B002E8C45 /* ExpenseChartDataMapper.swift */,
				F750EC022B72C039008440D8 /* ExpenseChartView.swift */,
				F70A9D0C2B754B7C002E8C45 /* ExpenseData.swift */,
			);
			path = Chart;
			sourceTree = "<group>";
		};
		F760EF092A96FD9100C38F3B /* Add */ = {
			isa = PBXGroup;
			children = (
				F760EF0A2A96FDA500C38F3B /* VehicleAddView.swift */,
				F760EF0C2A9701F300C38F3B /* VehicleAddViewModel.swift */,
			);
			path = Add;
			sourceTree = "<group>";
		};
		F7C5D7BA28201BAD00C4D213 /* Vehicle */ = {
			isa = PBXGroup;
			children = (
				F760EF092A96FD9100C38F3B /* Add */,
				F7C5F19B288659CF00375D91 /* CustomUI */,
				F7D931A8287D2FF200289230 /* Details */,
				F7CF21452A964EB700C73429 /* List */,
			);
			path = Vehicle;
			sourceTree = "<group>";
		};
		F7C5F19B288659CF00375D91 /* CustomUI */ = {
			isa = PBXGroup;
			children = (
				F760EF0E2A97066700C38F3B /* AddToolbarViewModifier.swift */,
				F7C5F19C288659EC00375D91 /* AppTitle.swift */,
				F7C5D7B22820198A00C4D213 /* VehicleImage.swift */,
			);
			path = CustomUI;
			sourceTree = "<group>";
		};
		F7CF21452A964EB700C73429 /* List */ = {
			isa = PBXGroup;
			children = (
				F7C5D7B02820191E00C4D213 /* VehicleListRowView.swift */,
				F726335D2A95A99000F7305D /* VehicleListToolbarViewModifier.swift */,
				F7FC88E8280EA29C007BA063 /* VehicleListView.swift */,
				F7C5D7AE282016FE00C4D213 /* VehicleListViewModel.swift */,
			);
			path = List;
			sourceTree = "<group>";
		};
		F7CF21462A964F5900C73429 /* Observers */ = {
			isa = PBXGroup;
			children = (
				F760D2E42B63926700DDA146 /* ParkingLocation.swift */,
				F726335F2A95AE7700F7305D /* Vehicles.swift */,
			);
			path = Observers;
			sourceTree = "<group>";
		};
		F7CF21482A964F7500C73429 /* Mocks */ = {
			isa = PBXGroup;
			children = (
				F7C5D7B6282019C100C4D213 /* MockModels.swift */,
			);
			path = Mocks;
			sourceTree = "<group>";
		};
		F7CF21492A964F8300C73429 /* Helpers */ = {
			isa = PBXGroup;
			children = (
				F760D2E62B63963400DDA146 /* CLLocationCoordinate2D+Equatable.swift */,
				F7CF21432A95B01A00C73429 /* Color+Codable.swift */,
				F7202E052AA8F304009A17DC /* EventEditViewController.swift */,
				F73028F32AA5FD93003AAEE8 /* FileManagerExtensions.swift */,
				F7202DF62AA8AF91009A17DC /* EventStoreManager */,
			);
			path = Helpers;
			sourceTree = "<group>";
		};
		F7CF214A2A964F8E00C73429 /* Entities */ = {
			isa = PBXGroup;
			children = (
				F7EEF30F280FE8AB0086AB03 /* Event.swift */,
				F70537D92B6C218B0005400B /* Expense.swift */,
				F70537CB2B6BFE790005400B /* ExpenseType.swift */,
				F760D2E22B63896900DDA146 /* ParkingLocationCoordinate.swift */,
				F7FC88EC280EA42E007BA063 /* Vehicle.swift */,
				F7CF21462A964F5900C73429 /* Observers */,
			);
			path = Entities;
			sourceTree = "<group>";
		};
		F7CF214B2A964FA900C73429 /* Scenes */ = {
			isa = PBXGroup;
			children = (
				F7D931AB287D303700289230 /* Events */,
				F739B5DC2AB4DBDA0089D12F /* IAP */,
				F7D931A7287D2FEB00289230 /* Main */,
				F7E8D2C82B67ECEF000DC750 /* More */,
				F74C47A22ADC41DF006E131A /* ParkLocation */,
				F7C5D7BA28201BAD00C4D213 /* Vehicle */,
			);
			path = Scenes;
			sourceTree = "<group>";
		};
		F7D931A7287D2FEB00289230 /* Main */ = {
			isa = PBXGroup;
			children = (
				F721890027FABE5D00F80AC0 /* MainTabView.swift */,
			);
			path = Main;
			sourceTree = "<group>";
		};
		F7D931A8287D2FF200289230 /* Details */ = {
			isa = PBXGroup;
			children = (
				F7D931A9287D300200289230 /* VehicleDetailsView.swift */,
				F713B7642A8FA6FE00EBB0BF /* VehicleDetailsViewModel.swift */,
				F713B7632A8FA6EC00EBB0BF /* Sections */,
			);
			path = Details;
			sourceTree = "<group>";
		};
		F7D931AB287D303700289230 /* Events */ = {
			isa = PBXGroup;
			children = (
				F73028EA2AA36D50003AAEE8 /* Add */,
				F73028E92AA36D2E003AAEE8 /* List */,
			);
			path = Events;
			sourceTree = "<group>";
		};
		F7E8D2C82B67ECEF000DC750 /* More */ = {
			isa = PBXGroup;
			children = (
				F7E8D2CE2B67FCAF000DC750 /* MoreView.swift */,
				F7E8D2D62B683925000DC750 /* MoreViewModel.swift */,
				F7E8D2CB2B67F7EE000DC750 /* ExpenseTracking */,
			);
			path = More;
			sourceTree = "<group>";
		};
		F7E8D2CB2B67F7EE000DC750 /* ExpenseTracking */ = {
			isa = PBXGroup;
			children = (
				F7E8D2D22B682D13000DC750 /* ExpenseTrackingView.swift */,
				F70537D72B6C1E8A0005400B /* ExpenseTrackingViewModel.swift */,
				F70537D22B6C10F50005400B /* Add */,
				F750EC012B72BFD6008440D8 /* Chart */,
				F750EBFB2B726422008440D8 /* List */,
				F70537D62B6C12030005400B /* MoreItem */,
				F70537D12B6C10EC0005400B /* VehicleSelection */,
			);
			path = ExpenseTracking;
			sourceTree = "<group>";
		};
		F7EEF30C280FE3D90086AB03 /* App */ = {
			isa = PBXGroup;
			children = (
				F72188FE27FABE5D00F80AC0 /* MyAutomobileApp.swift */,
			);
			path = App;
			sourceTree = "<group>";
		};
		F7EEF30D280FE3E70086AB03 /* Supporting files */ = {
			isa = PBXGroup;
			children = (
				F721890227FABE5F00F80AC0 /* Assets.xcassets */,
				F74F8B2F2AB806450014137C /* MainStoreKitConfig.storekit */,
				F7202E072AAA4BE4009A17DC /* Localizable.xcstrings */,
			);
			path = "Supporting files";
			sourceTree = "<group>";
		};
/* End PBXGroup section */

/* Begin PBXNativeTarget section */
		F72188FA27FABE5D00F80AC0 /* MyAutomobile */ = {
			isa = PBXNativeTarget;
			buildConfigurationList = F721891F27FABE5F00F80AC0 /* Build configuration list for PBXNativeTarget "MyAutomobile" */;
			buildPhases = (
				F72188F727FABE5D00F80AC0 /* Sources */,
				F72188F827FABE5D00F80AC0 /* Frameworks */,
				F72188F927FABE5D00F80AC0 /* Resources */,
			);
			buildRules = (
			);
			dependencies = (
			);
			name = MyAutomobile;
			productName = MyAutomobile;
			productReference = F72188FB27FABE5D00F80AC0 /* MyAutomobile.app */;
			productType = "com.apple.product-type.application";
		};
		F721890A27FABE5F00F80AC0 /* MyAutomobileTests */ = {
			isa = PBXNativeTarget;
			buildConfigurationList = F721892227FABE5F00F80AC0 /* Build configuration list for PBXNativeTarget "MyAutomobileTests" */;
			buildPhases = (
				F721890727FABE5F00F80AC0 /* Sources */,
				F721890827FABE5F00F80AC0 /* Frameworks */,
				F721890927FABE5F00F80AC0 /* Resources */,
			);
			buildRules = (
			);
			dependencies = (
				F721890D27FABE5F00F80AC0 /* PBXTargetDependency */,
			);
			name = MyAutomobileTests;
			productName = MyAutomobileTests;
			productReference = F721890B27FABE5F00F80AC0 /* MyAutomobileTests.xctest */;
			productType = "com.apple.product-type.bundle.unit-test";
		};
		F721891427FABE5F00F80AC0 /* MyAutomobileUITests */ = {
			isa = PBXNativeTarget;
			buildConfigurationList = F721892527FABE5F00F80AC0 /* Build configuration list for PBXNativeTarget "MyAutomobileUITests" */;
			buildPhases = (
				F721891127FABE5F00F80AC0 /* Sources */,
				F721891227FABE5F00F80AC0 /* Frameworks */,
				F721891327FABE5F00F80AC0 /* Resources */,
			);
			buildRules = (
			);
			dependencies = (
				F721891727FABE5F00F80AC0 /* PBXTargetDependency */,
			);
			name = MyAutomobileUITests;
			productName = MyAutomobileUITests;
			productReference = F721891527FABE5F00F80AC0 /* MyAutomobileUITests.xctest */;
			productType = "com.apple.product-type.bundle.ui-testing";
		};
/* End PBXNativeTarget section */

/* Begin PBXProject section */
		F72188F327FABE5D00F80AC0 /* Project object */ = {
			isa = PBXProject;
			attributes = {
				BuildIndependentTargetsInParallel = 1;
				LastSwiftUpdateCheck = 1330;
				LastUpgradeCheck = 1520;
				TargetAttributes = {
					F72188FA27FABE5D00F80AC0 = {
						CreatedOnToolsVersion = 13.3;
					};
					F721890A27FABE5F00F80AC0 = {
						CreatedOnToolsVersion = 13.3;
						TestTargetID = F72188FA27FABE5D00F80AC0;
					};
					F721891427FABE5F00F80AC0 = {
						CreatedOnToolsVersion = 13.3;
						TestTargetID = F72188FA27FABE5D00F80AC0;
					};
				};
			};
			buildConfigurationList = F72188F627FABE5D00F80AC0 /* Build configuration list for PBXProject "MyAutomobile" */;
			compatibilityVersion = "Xcode 13.0";
			developmentRegion = en;
			hasScannedForEncodings = 0;
			knownRegions = (
				en,
				ro,
				es,
				it,
				de,
				fr,
				Base,
			);
			mainGroup = F72188F227FABE5D00F80AC0;
			productRefGroup = F72188FC27FABE5D00F80AC0 /* Products */;
			projectDirPath = "";
			projectRoot = "";
			targets = (
				F72188FA27FABE5D00F80AC0 /* MyAutomobile */,
				F721890A27FABE5F00F80AC0 /* MyAutomobileTests */,
				F721891427FABE5F00F80AC0 /* MyAutomobileUITests */,
			);
		};
/* End PBXProject section */

/* Begin PBXResourcesBuildPhase section */
		F72188F927FABE5D00F80AC0 /* Resources */ = {
			isa = PBXResourcesBuildPhase;
			buildActionMask = 2147483647;
			files = (
				F721890627FABE5F00F80AC0 /* Preview Assets.xcassets in Resources */,
				F77224772AAE52C80097E190 /* InfoPlist.strings in Resources */,
				F721890327FABE5F00F80AC0 /* Assets.xcassets in Resources */,
				F7202E082AAA4BE4009A17DC /* Localizable.xcstrings in Resources */,
			);
			runOnlyForDeploymentPostprocessing = 0;
		};
		F721890927FABE5F00F80AC0 /* Resources */ = {
			isa = PBXResourcesBuildPhase;
			buildActionMask = 2147483647;
			files = (
			);
			runOnlyForDeploymentPostprocessing = 0;
		};
		F721891327FABE5F00F80AC0 /* Resources */ = {
			isa = PBXResourcesBuildPhase;
			buildActionMask = 2147483647;
			files = (
			);
			runOnlyForDeploymentPostprocessing = 0;
		};
/* End PBXResourcesBuildPhase section */

/* Begin PBXSourcesBuildPhase section */
		F72188F727FABE5D00F80AC0 /* Sources */ = {
			isa = PBXSourcesBuildPhase;
			buildActionMask = 2147483647;
			files = (
				F70537DA2B6C218B0005400B /* Expense.swift in Sources */,
				F72633602A95AE7700F7305D /* Vehicles.swift in Sources */,
				F70537C82B6B93CD0005400B /* ExpenseAddView.swift in Sources */,
				F7C5F19A2885004800375D91 /* EventListViewModel.swift in Sources */,
				F7B3DA3B2AB5D1B10045359B /* PurchaseManager.swift in Sources */,
				F7E8D2D32B682D13000DC750 /* ExpenseTrackingView.swift in Sources */,
				F73028F42AA5FD93003AAEE8 /* FileManagerExtensions.swift in Sources */,
				F7E8D2D52B68384F000DC750 /* ExpenseTrackingMoreItem.swift in Sources */,
				F760EF0B2A96FDA500C38F3B /* VehicleAddView.swift in Sources */,
				F7202E032AA8AFFB009A17DC /* EventDataStore.swift in Sources */,
				F721890127FABE5D00F80AC0 /* MainTabView.swift in Sources */,
				F7202DFE2AA8AFB8009A17DC /* EventStoreError.swift in Sources */,
				F70A9D0D2B754B7C002E8C45 /* ExpenseData.swift in Sources */,
				F74C47A42ADC41F1006E131A /* ParkLocationView.swift in Sources */,
				F713B7652A8FA6FE00EBB0BF /* VehicleDetailsViewModel.swift in Sources */,
				F70537CE2B6C0F040005400B /* ExpenseTrackingMoreItemViewModel.swift in Sources */,
				F70537D02B6C10E80005400B /* VehiclesSelectionViewModel.swift in Sources */,
				F7FC88E9280EA29C007BA063 /* VehicleListView.swift in Sources */,
				F7202E062AA8F304009A17DC /* EventEditViewController.swift in Sources */,
				F750EC032B72C039008440D8 /* ExpenseChartView.swift in Sources */,
				F73028F62AA61637003AAEE8 /* VehicleAddCustomFieldView.swift in Sources */,
				F70537CA2B6BFDFB0005400B /* ExpenseAddFormView.swift in Sources */,
				F7202DFD2AA8AFB8009A17DC /* EventStoreManager.swift in Sources */,
				F760D2E72B63963400DDA146 /* CLLocationCoordinate2D+Equatable.swift in Sources */,
				F70A9D0B2B754B6B002E8C45 /* ExpenseChartDataMapper.swift in Sources */,
				F713B75E2A8F9ADF00EBB0BF /* VehicleDetailsTopSection.swift in Sources */,
				F739B5DE2AB4DC000089D12F /* IAPView.swift in Sources */,
				F799E2AA2AA35F27009F3C3D /* EventListRowView.swift in Sources */,
				F760D2E32B63896900DDA146 /* ParkingLocationCoordinate.swift in Sources */,
				F750EBFD2B7266AB008440D8 /* ExpenseRowViewModel.swift in Sources */,
				F7C5D7B32820198A00C4D213 /* VehicleImage.swift in Sources */,
				F7EE6BFA2B70B0260075D64A /* ExpenseAddViewModel.swift in Sources */,
				F760D2E52B63926700DDA146 /* ParkingLocation.swift in Sources */,
				F7C5D7B12820191E00C4D213 /* VehicleListRowView.swift in Sources */,
				F70537D82B6C1E8A0005400B /* ExpenseTrackingViewModel.swift in Sources */,
				F7D931AA287D300200289230 /* VehicleDetailsView.swift in Sources */,
				F750EBFA2B723A6C008440D8 /* ExpenseRowView.swift in Sources */,
				F726335E2A95A99000F7305D /* VehicleListToolbarViewModifier.swift in Sources */,
				F760EF0F2A97066700C38F3B /* AddToolbarViewModifier.swift in Sources */,
				F73028EE2AA36D75003AAEE8 /* EventAddView.swift in Sources */,
				F72188FF27FABE5D00F80AC0 /* MyAutomobileApp.swift in Sources */,
				F759B9F82B60F68800D781FC /* ParkLocationToolbarViewModifier.swift in Sources */,
				F713B7602A8F9C1500EBB0BF /* VehicleDetailsMandatoryFieldsSection.swift in Sources */,
				F739B5E02AB4E05D0089D12F /* IAPButton.swift in Sources */,
				F7E8D2CF2B67FCAF000DC750 /* MoreView.swift in Sources */,
				F7FC88ED280EA42E007BA063 /* Vehicle.swift in Sources */,
				F7C5D7B7282019C100C4D213 /* MockModels.swift in Sources */,
				F759B9F62B60F5B700D781FC /* ParkingMapView.swift in Sources */,
				F7EEF310280FE8AB0086AB03 /* Event.swift in Sources */,
				F73028F02AA36D9B003AAEE8 /* EventAddViewModel.swift in Sources */,
				F7E8D2D12B682CD7000DC750 /* VehiclesSelectionView.swift in Sources */,
				F7C5D7AF282016FE00C4D213 /* VehicleListViewModel.swift in Sources */,
				F7C5F19D288659EC00375D91 /* AppTitle.swift in Sources */,
				F7FC88EB280EA2AF007BA063 /* EventListView.swift in Sources */,
				F73028F22AA378E2003AAEE8 /* EventAddFormView.swift in Sources */,
				F73028E82AA36A9B003AAEE8 /* EventListToolbarViewModifier.swift in Sources */,
				F70537CC2B6BFE790005400B /* ExpenseType.swift in Sources */,
				F7CF21442A95B01A00C73429 /* Color+Codable.swift in Sources */,
				F713B7622A8F9D7D00EBB0BF /* VehicleDetailsCustomFieldsSection.swift in Sources */,
				F7E8D2D72B683925000DC750 /* MoreViewModel.swift in Sources */,
				F760EF0D2A9701F300C38F3B /* VehicleAddViewModel.swift in Sources */,
				F76F49A12B5F9E3900A53799 /* LocationManager.swift in Sources */,
			);
			runOnlyForDeploymentPostprocessing = 0;
		};
		F721890727FABE5F00F80AC0 /* Sources */ = {
			isa = PBXSourcesBuildPhase;
			buildActionMask = 2147483647;
			files = (
				F721891027FABE5F00F80AC0 /* MyAutomobileTests.swift in Sources */,
			);
			runOnlyForDeploymentPostprocessing = 0;
		};
		F721891127FABE5F00F80AC0 /* Sources */ = {
			isa = PBXSourcesBuildPhase;
			buildActionMask = 2147483647;
			files = (
				F721891A27FABE5F00F80AC0 /* MyAutomobileUITests.swift in Sources */,
				F721891C27FABE5F00F80AC0 /* MyAutomobileUITestsLaunchTests.swift in Sources */,
			);
			runOnlyForDeploymentPostprocessing = 0;
		};
/* End PBXSourcesBuildPhase section */

/* Begin PBXTargetDependency section */
		F721890D27FABE5F00F80AC0 /* PBXTargetDependency */ = {
			isa = PBXTargetDependency;
			target = F72188FA27FABE5D00F80AC0 /* MyAutomobile */;
			targetProxy = F721890C27FABE5F00F80AC0 /* PBXContainerItemProxy */;
		};
		F721891727FABE5F00F80AC0 /* PBXTargetDependency */ = {
			isa = PBXTargetDependency;
			target = F72188FA27FABE5D00F80AC0 /* MyAutomobile */;
			targetProxy = F721891627FABE5F00F80AC0 /* PBXContainerItemProxy */;
		};
/* End PBXTargetDependency section */

/* Begin PBXVariantGroup section */
		F77224792AAE52C80097E190 /* InfoPlist.strings */ = {
			isa = PBXVariantGroup;
			children = (
				F77224782AAE52C80097E190 /* en */,
				F772247A2AAE52CD0097E190 /* de */,
				F772247B2AAE52CE0097E190 /* it */,
				F772247C2AAE52CF0097E190 /* ro */,
				F772247D2AAE52D00097E190 /* es */,
				F772247E2AAE53530097E190 /* fr */,
			);
			name = InfoPlist.strings;
			sourceTree = "<group>";
		};
/* End PBXVariantGroup section */

/* Begin XCBuildConfiguration section */
		F721891D27FABE5F00F80AC0 /* Debug */ = {
			isa = XCBuildConfiguration;
			buildSettings = {
				ALWAYS_SEARCH_USER_PATHS = NO;
				ASSETCATALOG_COMPILER_GENERATE_SWIFT_ASSET_SYMBOL_EXTENSIONS = YES;
				CLANG_ANALYZER_LOCALIZABILITY_NONLOCALIZED = YES;
				CLANG_ANALYZER_NONNULL = YES;
				CLANG_ANALYZER_NUMBER_OBJECT_CONVERSION = YES_AGGRESSIVE;
				CLANG_CXX_LANGUAGE_STANDARD = "gnu++17";
				CLANG_ENABLE_MODULES = YES;
				CLANG_ENABLE_OBJC_ARC = YES;
				CLANG_ENABLE_OBJC_WEAK = YES;
				CLANG_WARN_BLOCK_CAPTURE_AUTORELEASING = YES;
				CLANG_WARN_BOOL_CONVERSION = YES;
				CLANG_WARN_COMMA = YES;
				CLANG_WARN_CONSTANT_CONVERSION = YES;
				CLANG_WARN_DEPRECATED_OBJC_IMPLEMENTATIONS = YES;
				CLANG_WARN_DIRECT_OBJC_ISA_USAGE = YES_ERROR;
				CLANG_WARN_DOCUMENTATION_COMMENTS = YES;
				CLANG_WARN_EMPTY_BODY = YES;
				CLANG_WARN_ENUM_CONVERSION = YES;
				CLANG_WARN_INFINITE_RECURSION = YES;
				CLANG_WARN_INT_CONVERSION = YES;
				CLANG_WARN_NON_LITERAL_NULL_CONVERSION = YES;
				CLANG_WARN_OBJC_IMPLICIT_RETAIN_SELF = YES;
				CLANG_WARN_OBJC_LITERAL_CONVERSION = YES;
				CLANG_WARN_OBJC_ROOT_CLASS = YES_ERROR;
				CLANG_WARN_QUOTED_INCLUDE_IN_FRAMEWORK_HEADER = YES;
				CLANG_WARN_RANGE_LOOP_ANALYSIS = YES;
				CLANG_WARN_STRICT_PROTOTYPES = YES;
				CLANG_WARN_SUSPICIOUS_MOVE = YES;
				CLANG_WARN_UNGUARDED_AVAILABILITY = YES_AGGRESSIVE;
				CLANG_WARN_UNREACHABLE_CODE = YES;
				CLANG_WARN__DUPLICATE_METHOD_MATCH = YES;
				COPY_PHASE_STRIP = NO;
				DEBUG_INFORMATION_FORMAT = dwarf;
				ENABLE_STRICT_OBJC_MSGSEND = YES;
				ENABLE_TESTABILITY = YES;
				ENABLE_USER_SCRIPT_SANDBOXING = YES;
				GCC_C_LANGUAGE_STANDARD = gnu11;
				GCC_DYNAMIC_NO_PIC = NO;
				GCC_NO_COMMON_BLOCKS = YES;
				GCC_OPTIMIZATION_LEVEL = 0;
				GCC_PREPROCESSOR_DEFINITIONS = (
					"DEBUG=1",
					"$(inherited)",
				);
				GCC_WARN_64_TO_32_BIT_CONVERSION = YES;
				GCC_WARN_ABOUT_RETURN_TYPE = YES_ERROR;
				GCC_WARN_UNDECLARED_SELECTOR = YES;
				GCC_WARN_UNINITIALIZED_AUTOS = YES_AGGRESSIVE;
				GCC_WARN_UNUSED_FUNCTION = YES;
				GCC_WARN_UNUSED_VARIABLE = YES;
				IPHONEOS_DEPLOYMENT_TARGET = 17.0;
				MTL_ENABLE_DEBUG_INFO = INCLUDE_SOURCE;
				MTL_FAST_MATH = YES;
				ONLY_ACTIVE_ARCH = YES;
				SDKROOT = iphoneos;
				SWIFT_ACTIVE_COMPILATION_CONDITIONS = DEBUG;
				SWIFT_OPTIMIZATION_LEVEL = "-Onone";
			};
			name = Debug;
		};
		F721891E27FABE5F00F80AC0 /* Release */ = {
			isa = XCBuildConfiguration;
			buildSettings = {
				ALWAYS_SEARCH_USER_PATHS = NO;
				ASSETCATALOG_COMPILER_GENERATE_SWIFT_ASSET_SYMBOL_EXTENSIONS = YES;
				CLANG_ANALYZER_LOCALIZABILITY_NONLOCALIZED = YES;
				CLANG_ANALYZER_NONNULL = YES;
				CLANG_ANALYZER_NUMBER_OBJECT_CONVERSION = YES_AGGRESSIVE;
				CLANG_CXX_LANGUAGE_STANDARD = "gnu++17";
				CLANG_ENABLE_MODULES = YES;
				CLANG_ENABLE_OBJC_ARC = YES;
				CLANG_ENABLE_OBJC_WEAK = YES;
				CLANG_WARN_BLOCK_CAPTURE_AUTORELEASING = YES;
				CLANG_WARN_BOOL_CONVERSION = YES;
				CLANG_WARN_COMMA = YES;
				CLANG_WARN_CONSTANT_CONVERSION = YES;
				CLANG_WARN_DEPRECATED_OBJC_IMPLEMENTATIONS = YES;
				CLANG_WARN_DIRECT_OBJC_ISA_USAGE = YES_ERROR;
				CLANG_WARN_DOCUMENTATION_COMMENTS = YES;
				CLANG_WARN_EMPTY_BODY = YES;
				CLANG_WARN_ENUM_CONVERSION = YES;
				CLANG_WARN_INFINITE_RECURSION = YES;
				CLANG_WARN_INT_CONVERSION = YES;
				CLANG_WARN_NON_LITERAL_NULL_CONVERSION = YES;
				CLANG_WARN_OBJC_IMPLICIT_RETAIN_SELF = YES;
				CLANG_WARN_OBJC_LITERAL_CONVERSION = YES;
				CLANG_WARN_OBJC_ROOT_CLASS = YES_ERROR;
				CLANG_WARN_QUOTED_INCLUDE_IN_FRAMEWORK_HEADER = YES;
				CLANG_WARN_RANGE_LOOP_ANALYSIS = YES;
				CLANG_WARN_STRICT_PROTOTYPES = YES;
				CLANG_WARN_SUSPICIOUS_MOVE = YES;
				CLANG_WARN_UNGUARDED_AVAILABILITY = YES_AGGRESSIVE;
				CLANG_WARN_UNREACHABLE_CODE = YES;
				CLANG_WARN__DUPLICATE_METHOD_MATCH = YES;
				COPY_PHASE_STRIP = NO;
				DEBUG_INFORMATION_FORMAT = "dwarf-with-dsym";
				ENABLE_NS_ASSERTIONS = NO;
				ENABLE_STRICT_OBJC_MSGSEND = YES;
				ENABLE_USER_SCRIPT_SANDBOXING = YES;
				GCC_C_LANGUAGE_STANDARD = gnu11;
				GCC_NO_COMMON_BLOCKS = YES;
				GCC_WARN_64_TO_32_BIT_CONVERSION = YES;
				GCC_WARN_ABOUT_RETURN_TYPE = YES_ERROR;
				GCC_WARN_UNDECLARED_SELECTOR = YES;
				GCC_WARN_UNINITIALIZED_AUTOS = YES_AGGRESSIVE;
				GCC_WARN_UNUSED_FUNCTION = YES;
				GCC_WARN_UNUSED_VARIABLE = YES;
				IPHONEOS_DEPLOYMENT_TARGET = 17.0;
				MTL_ENABLE_DEBUG_INFO = NO;
				MTL_FAST_MATH = YES;
				SDKROOT = iphoneos;
				SWIFT_COMPILATION_MODE = wholemodule;
				SWIFT_OPTIMIZATION_LEVEL = "-O";
				VALIDATE_PRODUCT = YES;
			};
			name = Release;
		};
		F721892027FABE5F00F80AC0 /* Debug */ = {
			isa = XCBuildConfiguration;
			buildSettings = {
				ASSETCATALOG_COMPILER_APPICON_NAME = AppIcon;
				ASSETCATALOG_COMPILER_GLOBAL_ACCENT_COLOR_NAME = AccentColor;
				CODE_SIGN_STYLE = Automatic;
				CURRENT_PROJECT_VERSION = 1;
				DEVELOPMENT_ASSET_PATHS = "\"MyAutomobile/Preview Content\"";
				DEVELOPMENT_TEAM = 42L6GB6DU6;
				ENABLE_PREVIEWS = YES;
				GENERATE_INFOPLIST_FILE = YES;
				INFOPLIST_FILE = MyAutomobile/Info.plist;
				INFOPLIST_KEY_CFBundleDisplayName = CarChum;
				INFOPLIST_KEY_LSApplicationCategoryType = "public.app-category.productivity";
				INFOPLIST_KEY_NSLocationUsageDescription = "Required to determine where you parked your vehicle.";
				INFOPLIST_KEY_NSLocationWhenInUseUsageDescription = "Required to determine where you parked your vehicle.";
				INFOPLIST_KEY_UIApplicationSupportsIndirectInputEvents = YES;
				INFOPLIST_KEY_UILaunchScreen_Generation = YES;
				INFOPLIST_KEY_UISupportedInterfaceOrientations = "UIInterfaceOrientationLandscapeLeft UIInterfaceOrientationLandscapeRight UIInterfaceOrientationPortrait UIInterfaceOrientationPortraitUpsideDown";
				IPHONEOS_DEPLOYMENT_TARGET = 17.0;
				LD_RUNPATH_SEARCH_PATHS = (
					"$(inherited)",
					"@executable_path/Frameworks",
				);
				MARKETING_VERSION = 1.1.0;
				PRODUCT_BUNDLE_IDENTIFIER = com.rdan.MyAutomobile;
				PRODUCT_NAME = "$(TARGET_NAME)";
				SWIFT_EMIT_LOC_STRINGS = YES;
				SWIFT_VERSION = 5.0;
				TARGETED_DEVICE_FAMILY = "1,2";
			};
			name = Debug;
		};
		F721892127FABE5F00F80AC0 /* Release */ = {
			isa = XCBuildConfiguration;
			buildSettings = {
				ASSETCATALOG_COMPILER_APPICON_NAME = AppIcon;
				ASSETCATALOG_COMPILER_GLOBAL_ACCENT_COLOR_NAME = AccentColor;
				CODE_SIGN_STYLE = Automatic;
				CURRENT_PROJECT_VERSION = 1;
				DEVELOPMENT_ASSET_PATHS = "\"MyAutomobile/Preview Content\"";
				DEVELOPMENT_TEAM = 42L6GB6DU6;
				ENABLE_PREVIEWS = YES;
				GENERATE_INFOPLIST_FILE = YES;
				INFOPLIST_FILE = MyAutomobile/Info.plist;
				INFOPLIST_KEY_CFBundleDisplayName = CarChum;
				INFOPLIST_KEY_LSApplicationCategoryType = "public.app-category.productivity";
				INFOPLIST_KEY_NSLocationUsageDescription = "Required to determine where you parked your vehicle.";
				INFOPLIST_KEY_NSLocationWhenInUseUsageDescription = "Required to determine where you parked your vehicle.";
				INFOPLIST_KEY_UIApplicationSupportsIndirectInputEvents = YES;
				INFOPLIST_KEY_UILaunchScreen_Generation = YES;
				INFOPLIST_KEY_UISupportedInterfaceOrientations = "UIInterfaceOrientationLandscapeLeft UIInterfaceOrientationLandscapeRight UIInterfaceOrientationPortrait UIInterfaceOrientationPortraitUpsideDown";
				IPHONEOS_DEPLOYMENT_TARGET = 17.0;
				LD_RUNPATH_SEARCH_PATHS = (
					"$(inherited)",
					"@executable_path/Frameworks",
				);
				MARKETING_VERSION = 1.1.0;
				PRODUCT_BUNDLE_IDENTIFIER = com.rdan.MyAutomobile;
				PRODUCT_NAME = "$(TARGET_NAME)";
				SWIFT_EMIT_LOC_STRINGS = YES;
				SWIFT_VERSION = 5.0;
				TARGETED_DEVICE_FAMILY = "1,2";
			};
			name = Release;
		};
		F721892327FABE5F00F80AC0 /* Debug */ = {
			isa = XCBuildConfiguration;
			buildSettings = {
				ALWAYS_EMBED_SWIFT_STANDARD_LIBRARIES = YES;
				BUNDLE_LOADER = "$(TEST_HOST)";
				CODE_SIGN_STYLE = Automatic;
				CURRENT_PROJECT_VERSION = 1;
				DEVELOPMENT_TEAM = 42L6GB6DU6;
				GENERATE_INFOPLIST_FILE = YES;
				IPHONEOS_DEPLOYMENT_TARGET = 15.4;
				MARKETING_VERSION = 1.0;
				PRODUCT_BUNDLE_IDENTIFIER = com.rdan.MyAutomobileTests;
				PRODUCT_NAME = "$(TARGET_NAME)";
				SWIFT_EMIT_LOC_STRINGS = NO;
				SWIFT_VERSION = 5.0;
				TARGETED_DEVICE_FAMILY = "1,2";
				TEST_HOST = "$(BUILT_PRODUCTS_DIR)/MyAutomobile.app/MyAutomobile";
			};
			name = Debug;
		};
		F721892427FABE5F00F80AC0 /* Release */ = {
			isa = XCBuildConfiguration;
			buildSettings = {
				ALWAYS_EMBED_SWIFT_STANDARD_LIBRARIES = YES;
				BUNDLE_LOADER = "$(TEST_HOST)";
				CODE_SIGN_STYLE = Automatic;
				CURRENT_PROJECT_VERSION = 1;
				DEVELOPMENT_TEAM = 42L6GB6DU6;
				GENERATE_INFOPLIST_FILE = YES;
				IPHONEOS_DEPLOYMENT_TARGET = 15.4;
				MARKETING_VERSION = 1.0;
				PRODUCT_BUNDLE_IDENTIFIER = com.rdan.MyAutomobileTests;
				PRODUCT_NAME = "$(TARGET_NAME)";
				SWIFT_EMIT_LOC_STRINGS = NO;
				SWIFT_VERSION = 5.0;
				TARGETED_DEVICE_FAMILY = "1,2";
				TEST_HOST = "$(BUILT_PRODUCTS_DIR)/MyAutomobile.app/MyAutomobile";
			};
			name = Release;
		};
		F721892627FABE5F00F80AC0 /* Debug */ = {
			isa = XCBuildConfiguration;
			buildSettings = {
				ALWAYS_EMBED_SWIFT_STANDARD_LIBRARIES = YES;
				CODE_SIGN_STYLE = Automatic;
				CURRENT_PROJECT_VERSION = 1;
				DEVELOPMENT_TEAM = 42L6GB6DU6;
				GENERATE_INFOPLIST_FILE = YES;
				MARKETING_VERSION = 1.0;
				PRODUCT_BUNDLE_IDENTIFIER = com.rdan.MyAutomobileUITests;
				PRODUCT_NAME = "$(TARGET_NAME)";
				SWIFT_EMIT_LOC_STRINGS = NO;
				SWIFT_VERSION = 5.0;
				TARGETED_DEVICE_FAMILY = "1,2";
				TEST_TARGET_NAME = MyAutomobile;
			};
			name = Debug;
		};
		F721892727FABE5F00F80AC0 /* Release */ = {
			isa = XCBuildConfiguration;
			buildSettings = {
				ALWAYS_EMBED_SWIFT_STANDARD_LIBRARIES = YES;
				CODE_SIGN_STYLE = Automatic;
				CURRENT_PROJECT_VERSION = 1;
				DEVELOPMENT_TEAM = 42L6GB6DU6;
				GENERATE_INFOPLIST_FILE = YES;
				MARKETING_VERSION = 1.0;
				PRODUCT_BUNDLE_IDENTIFIER = com.rdan.MyAutomobileUITests;
				PRODUCT_NAME = "$(TARGET_NAME)";
				SWIFT_EMIT_LOC_STRINGS = NO;
				SWIFT_VERSION = 5.0;
				TARGETED_DEVICE_FAMILY = "1,2";
				TEST_TARGET_NAME = MyAutomobile;
			};
			name = Release;
		};
/* End XCBuildConfiguration section */

/* Begin XCConfigurationList section */
		F72188F627FABE5D00F80AC0 /* Build configuration list for PBXProject "MyAutomobile" */ = {
			isa = XCConfigurationList;
			buildConfigurations = (
				F721891D27FABE5F00F80AC0 /* Debug */,
				F721891E27FABE5F00F80AC0 /* Release */,
			);
			defaultConfigurationIsVisible = 0;
			defaultConfigurationName = Release;
		};
		F721891F27FABE5F00F80AC0 /* Build configuration list for PBXNativeTarget "MyAutomobile" */ = {
			isa = XCConfigurationList;
			buildConfigurations = (
				F721892027FABE5F00F80AC0 /* Debug */,
				F721892127FABE5F00F80AC0 /* Release */,
			);
			defaultConfigurationIsVisible = 0;
			defaultConfigurationName = Release;
		};
		F721892227FABE5F00F80AC0 /* Build configuration list for PBXNativeTarget "MyAutomobileTests" */ = {
			isa = XCConfigurationList;
			buildConfigurations = (
				F721892327FABE5F00F80AC0 /* Debug */,
				F721892427FABE5F00F80AC0 /* Release */,
			);
			defaultConfigurationIsVisible = 0;
			defaultConfigurationName = Release;
		};
		F721892527FABE5F00F80AC0 /* Build configuration list for PBXNativeTarget "MyAutomobileUITests" */ = {
			isa = XCConfigurationList;
			buildConfigurations = (
				F721892627FABE5F00F80AC0 /* Debug */,
				F721892727FABE5F00F80AC0 /* Release */,
			);
			defaultConfigurationIsVisible = 0;
			defaultConfigurationName = Release;
		};
/* End XCConfigurationList section */
	};
	rootObject = F72188F327FABE5D00F80AC0 /* Project object */;
}
